# DO NOT EDIT MANUALLY - Managed by Fern Replay
version: "1.0"
generations:
  - commit_sha: fd23783fbdcb5ba4fc1af4ac87e352558e1d5c9d
    tree_hash: 28c803b264921b7d139cd9357f01f1daa9059b12
    timestamp: 2026-06-24T07:54:19.395Z
    cli_version: unknown
    generator_versions: {}
current_generation: fd23783fbdcb5ba4fc1af4ac87e352558e1d5c9d
patches: []
